Microsoft Visual Studio Solution File, Format Version 12.00
# Visual Studio 15
VisualStudioVersion = 15.0.26124.0
MinimumVisualStudioVersion = 15.0.26124.0
Project("{2150E333-8FDC-42A3-9474-1A3956D46DE8}") = "src", "src", "{CEC7984E-8D69-49DF-9E02-F06E984038D1}"
EndProject
Project("{9A19103F-16F7-4668-BE54-9A1E7A4F7556}") = "EMG.Lambda.LocalRunner", "src\EMG.Lambda.LocalRunner\EMG.Lambda.LocalRunner.csproj", "{A3149E38-DB85-48A7-9C4B-9F5797E2BAC4}"
EndProject
Project("{2150E333-8FDC-42A3-9474-1A3956D46DE8}") = "functions", "functions", "{0DA4364A-CEC8-46F6-BE55-CEE2719CB48F}"
EndProject
Project("{9A19103F-16F7-4668-BE54-9A1E7A4F7556}") = "Lambda", "sample\functions\Lambda\Lambda.csproj", "{1EF59DA5-D876-4D40-8E49-05A7848C9F58}"
EndProject
Project("{9A19103F-16F7-4668-BE54-9A1E7A4F7556}") = "TemplatedLambda", "sample\functions\TemplatedLambda\TemplatedLambda.csproj", "{E5133340-08AC-443B-8871-A0C52580C481}"
EndProject
Project("{2150E333-8FDC-42A3-9474-1A3956D46DE8}") = "hosts", "hosts", "{A6176CB1-26B1-4797-8B3E-7FC7CEB395CE}"
EndProject
Project("{9A19103F-16F7-4668-BE54-9A1E7A4F7556}") = "TemplatedLambdaTest", "sample\hosts\TemplatedLambdaTest\TemplatedLambdaTest.csproj", "{21F7096C-52C1-4388-AB95-A48C2F1EA8CB}"
EndProject
Project("{9A19103F-16F7-4668-BE54-9A1E7A4F7556}") = "LambdaTest", "sample\hosts\LambdaTest\LambdaTest.csproj", "{F8E61097-48D8-4F22-AD51-FC801BB99432}"
EndProject
Project("{2150E333-8FDC-42A3-9474-1A3956D46DE8}") = "tests", "tests", "{46BADA25-2BF6-48CD-A41A-1D49D64A7438}"
EndProject
Project("{9A19103F-16F7-4668-BE54-9A1E7A4F7556}") = "Tests.Lambda.LocalRunner", "tests\Tests.Lambda.LocalRunner\Tests.Lambda.LocalRunner.csproj", "{55AA4192-4EDA-446D-A7C4-1EA86888FD5F}"
EndProject
Global
	GlobalSection(SolutionConfigurationPlatforms) = preSolution
		Debug|Any CPU = Debug|Any CPU
		Debug|x64 = Debug|x64
		Debug|x86 = Debug|x86
		Release|Any CPU = Release|Any CPU
		Release|x64 = Release|x64
		Release|x86 = Release|x86
	EndGlobalSection
	GlobalSection(ProjectConfigurationPlatforms) = postSolution
		{A3149E38-DB85-48A7-9C4B-9F5797E2BAC4}.Debug|Any CPU.ActiveCfg = Debug|Any CPU
		{A3149E38-DB85-48A7-9C4B-9F5797E2BAC4}.Debug|Any CPU.Build.0 = Debug|Any CPU
		{A3149E38-DB85-48A7-9C4B-9F5797E2BAC4}.Debug|x64.ActiveCfg = Debug|Any CPU
		{A3149E38-DB85-48A7-9C4B-9F5797E2BAC4}.Debug|x64.Build.0 = Debug|Any CPU
		{A3149E38-DB85-48A7-9C4B-9F5797E2BAC4}.Debug|x86.ActiveCfg = Debug|Any CPU
		{A3149E38-DB85-48A7-9C4B-9F5797E2BAC4}.Debug|x86.Build.0 = Debug|Any CPU
		{A3149E38-DB85-48A7-9C4B-9F5797E2BAC4}.Release|Any CPU.ActiveCfg = Release|Any CPU
		{A3149E38-DB85-48A7-9C4B-9F5797E2BAC4}.Release|Any CPU.Build.0 = Release|Any CPU
		{A3149E38-DB85-48A7-9C4B-9F5797E2BAC4}.Release|x64.ActiveCfg = Release|Any CPU
		{A3149E38-DB85-48A7-9C4B-9F5797E2BAC4}.Release|x64.Build.0 = Release|Any CPU
		{A3149E38-DB85-48A7-9C4B-9F5797E2BAC4}.Release|x86.ActiveCfg = Release|Any CPU
		{A3149E38-DB85-48A7-9C4B-9F5797E2BAC4}.Release|x86.Build.0 = Release|Any CPU
		{1EF59DA5-D876-4D40-8E49-05A7848C9F58}.Debug|Any CPU.ActiveCfg = Debug|Any CPU
		{1EF59DA5-D876-4D40-8E49-05A7848C9F58}.Debug|Any CPU.Build.0 = Debug|Any CPU
		{1EF59DA5-D876-4D40-8E49-05A7848C9F58}.Debug|x64.ActiveCfg = Debug|Any CPU
		{1EF59DA5-D876-4D40-8E49-05A7848C9F58}.Debug|x64.Build.0 = Debug|Any CPU
		{1EF59DA5-D876-4D40-8E49-05A7848C9F58}.Debug|x86.ActiveCfg = Debug|Any CPU
		{1EF59DA5-D876-4D40-8E49-05A7848C9F58}.Debug|x86.Build.0 = Debug|Any CPU
		{1EF59DA5-D876-4D40-8E49-05A7848C9F58}.Release|Any CPU.ActiveCfg = Release|Any CPU
		{1EF59DA5-D876-4D40-8E49-05A7848C9F58}.Release|Any CPU.Build.0 = Release|Any CPU
		{1EF59DA5-D876-4D40-8E49-05A7848C9F58}.Release|x64.ActiveCfg = Release|Any CPU
		{1EF59DA5-D876-4D40-8E49-05A7848C9F58}.Release|x64.Build.0 = Release|Any CPU
		{1EF59DA5-D876-4D40-8E49-05A7848C9F58}.Release|x86.ActiveCfg = Release|Any CPU
		{1EF59DA5-D876-4D40-8E49-05A7848C9F58}.Release|x86.Build.0 = Release|Any CPU
		{E5133340-08AC-443B-8871-A0C52580C481}.Debug|Any CPU.ActiveCfg = Debug|Any CPU
		{E5133340-08AC-443B-8871-A0C52580C481}.Debug|Any CPU.Build.0 = Debug|Any CPU
		{E5133340-08AC-443B-8871-A0C52580C481}.Debug|x64.ActiveCfg = Debug|Any CPU
		{E5133340-08AC-443B-8871-A0C52580C481}.Debug|x64.Build.0 = Debug|Any CPU
		{E5133340-08AC-443B-8871-A0C52580C481}.Debug|x86.ActiveCfg = Debug|Any CPU
		{E5133340-08AC-443B-8871-A0C52580C481}.Debug|x86.Build.0 = Debug|Any CPU
		{E5133340-08AC-443B-8871-A0C52580C481}.Release|Any CPU.ActiveCfg = Release|Any CPU
		{E5133340-08AC-443B-8871-A0C52580C481}.Release|Any CPU.Build.0 = Release|Any CPU
		{E5133340-08AC-443B-8871-A0C52580C481}.Release|x64.ActiveCfg = Release|Any CPU
		{E5133340-08AC-443B-8871-A0C52580C481}.Release|x64.Build.0 = Release|Any CPU
		{E5133340-08AC-443B-8871-A0C52580C481}.Release|x86.ActiveCfg = Release|Any CPU
		{E5133340-08AC-443B-8871-A0C52580C481}.Release|x86.Build.0 = Release|Any CPU
		{21F7096C-52C1-4388-AB95-A48C2F1EA8CB}.Debug|Any CPU.ActiveCfg = Debug|Any CPU
		{21F7096C-52C1-4388-AB95-A48C2F1EA8CB}.Debug|Any CPU.Build.0 = Debug|Any CPU
		{21F7096C-52C1-4388-AB95-A48C2F1EA8CB}.Debug|x64.ActiveCfg = Debug|Any CPU
		{21F7096C-52C1-4388-AB95-A48C2F1EA8CB}.Debug|x64.Build.0 = Debug|Any CPU
		{21F7096C-52C1-4388-AB95-A48C2F1EA8CB}.Debug|x86.ActiveCfg = Debug|Any CPU
		{21F7096C-52C1-4388-AB95-A48C2F1EA8CB}.Debug|x86.Build.0 = Debug|Any CPU
		{21F7096C-52C1-4388-AB95-A48C2F1EA8CB}.Release|Any CPU.ActiveCfg = Release|Any CPU
		{21F7096C-52C1-4388-AB95-A48C2F1EA8CB}.Release|Any CPU.Build.0 = Release|Any CPU
		{21F7096C-52C1-4388-AB95-A48C2F1EA8CB}.Release|x64.ActiveCfg = Release|Any CPU
		{21F7096C-52C1-4388-AB95-A48C2F1EA8CB}.Release|x64.Build.0 = Release|Any CPU
		{21F7096C-52C1-4388-AB95-A48C2F1EA8CB}.Release|x86.ActiveCfg = Release|Any CPU
		{21F7096C-52C1-4388-AB95-A48C2F1EA8CB}.Release|x86.Build.0 = Release|Any CPU
		{F8E61097-48D8-4F22-AD51-FC801BB99432}.Debug|Any CPU.ActiveCfg = Debug|Any CPU
		{F8E61097-48D8-4F22-AD51-FC801BB99432}.Debug|Any CPU.Build.0 = Debug|Any CPU
		{F8E61097-48D8-4F22-AD51-FC801BB99432}.Debug|x64.ActiveCfg = Debug|Any CPU
		{F8E61097-48D8-4F22-AD51-FC801BB99432}.Debug|x64.Build.0 = Debug|Any CPU
		{F8E61097-48D8-4F22-AD51-FC801BB99432}.Debug|x86.ActiveCfg = Debug|Any CPU
		{F8E61097-48D8-4F22-AD51-FC801BB99432}.Debug|x86.Build.0 = Debug|Any CPU
		{F8E61097-48D8-4F22-AD51-FC801BB99432}.Release|Any CPU.ActiveCfg = Release|Any CPU
		{F8E61097-48D8-4F22-AD51-FC801BB99432}.Release|Any CPU.Build.0 = Release|Any CPU
		{F8E61097-48D8-4F22-AD51-FC801BB99432}.Release|x64.ActiveCfg = Release|Any CPU
		{F8E61097-48D8-4F22-AD51-FC801BB99432}.Release|x64.Build.0 = Release|Any CPU
		{F8E61097-48D8-4F22-AD51-FC801BB99432}.Release|x86.ActiveCfg = Release|Any CPU
		{F8E61097-48D8-4F22-AD51-FC801BB99432}.Release|x86.Build.0 = Release|Any CPU
		{55AA4192-4EDA-446D-A7C4-1EA86888FD5F}.Debug|Any CPU.ActiveCfg = Debug|Any CPU
		{55AA4192-4EDA-446D-A7C4-1EA86888FD5F}.Debug|Any CPU.Build.0 = Debug|Any CPU
		{55AA4192-4EDA-446D-A7C4-1EA86888FD5F}.Debug|x64.ActiveCfg = Debug|Any CPU
		{55AA4192-4EDA-446D-A7C4-1EA86888FD5F}.Debug|x64.Build.0 = Debug|Any CPU
		{55AA4192-4EDA-446D-A7C4-1EA86888FD5F}.Debug|x86.ActiveCfg = Debug|Any CPU
		{55AA4192-4EDA-446D-A7C4-1EA86888FD5F}.Debug|x86.Build.0 = Debug|Any CPU
		{55AA4192-4EDA-446D-A7C4-1EA86888FD5F}.Release|Any CPU.ActiveCfg = Release|Any CPU
		{55AA4192-4EDA-446D-A7C4-1EA86888FD5F}.Release|Any CPU.Build.0 = Release|Any CPU
		{55AA4192-4EDA-446D-A7C4-1EA86888FD5F}.Release|x64.ActiveCfg = Release|Any CPU
		{55AA4192-4EDA-446D-A7C4-1EA86888FD5F}.Release|x64.Build.0 = Release|Any CPU
		{55AA4192-4EDA-446D-A7C4-1EA86888FD5F}.Release|x86.ActiveCfg = Release|Any CPU
		{55AA4192-4EDA-446D-A7C4-1EA86888FD5F}.Release|x86.Build.0 = Release|Any CPU
	EndGlobalSection
	GlobalSection(SolutionProperties) = preSolution
		HideSolutionNode = FALSE
	EndGlobalSection
	GlobalSection(NestedProjects) = preSolution
		{A3149E38-DB85-48A7-9C4B-9F5797E2BAC4} = {CEC7984E-8D69-49DF-9E02-F06E984038D1}
		{1EF59DA5-D876-4D40-8E49-05A7848C9F58} = {0DA4364A-CEC8-46F6-BE55-CEE2719CB48F}
		{E5133340-08AC-443B-8871-A0C52580C481} = {0DA4364A-CEC8-46F6-BE55-CEE2719CB48F}
		{21F7096C-52C1-4388-AB95-A48C2F1EA8CB} = {A6176CB1-26B1-4797-8B3E-7FC7CEB395CE}
		{F8E61097-48D8-4F22-AD51-FC801BB99432} = {A6176CB1-26B1-4797-8B3E-7FC7CEB395CE}
		{55AA4192-4EDA-446D-A7C4-1EA86888FD5F} = {46BADA25-2BF6-48CD-A41A-1D49D64A7438}
	EndGlobalSection
	GlobalSection(ExtensibilityGlobals) = postSolution
		SolutionGuid = {FD11B4FB-F46D-492A-A832-6D5409690654}
	EndGlobalSection
EndGlobal
